
Microsoft Visual Studio Solution File, Format Version 12.00
# Visual Studio Version 16
VisualStudioVersion = 16.0.32228.343
MinimumVisualStudioVersion = 10.0.40219.1
Project("{FAE04EC0-301F-11D3-BF4B-00C04F79EFBC}") = "SightsAPI", "SightsAPI\SightsAPI.csproj", "{FBAF2150-9141-43C5-9A46-5FCC05032634}"
EndProject
Project("{FAE04EC0-301F-11D3-BF4B-00C04F79EFBC}") = "MobileApp.Android", "MobileApp\MobileApp.Android\MobileApp.Android.csproj", "{3B3C5A41-040B-492C-A0C3-D42798F15E3D}"
EndProject
Project("{FAE04EC0-301F-11D3-BF4B-00C04F79EFBC}") = "MobileApp", "MobileApp\MobileApp\MobileApp.csproj", "{1DB51B0A-03EF-4F04-BD09-B2E2B0F6C1A0}"
EndProject
Global
	GlobalSection(SolutionConfigurationPlatforms) = preSolution
		Debug|Any CPU = Debug|Any CPU
		Release|Any CPU = Release|Any CPU
	EndGlobalSection
	GlobalSection(ProjectConfigurationPlatforms) = postSolution
		{FBAF2150-9141-43C5-9A46-5FCC05032634}.Debug|Any CPU.ActiveCfg = Debug|Any CPU
		{FBAF2150-9141-43C5-9A46-5FCC05032634}.Debug|Any CPU.Build.0 = Debug|Any CPU
		{FBAF2150-9141-43C5-9A46-5FCC05032634}.Release|Any CPU.ActiveCfg = Release|Any CPU
		{FBAF2150-9141-43C5-9A46-5FCC05032634}.Release|Any CPU.Build.0 = Release|Any CPU
		{3B3C5A41-040B-492C-A0C3-D42798F15E3D}.Debug|Any CPU.ActiveCfg = Debug|Any CPU
		{3B3C5A41-040B-492C-A0C3-D42798F15E3D}.Debug|Any CPU.Build.0 = Debug|Any CPU
		{3B3C5A41-040B-492C-A0C3-D42798F15E3D}.Debug|Any CPU.Deploy.0 = Debug|Any CPU
		{3B3C5A41-040B-492C-A0C3-D42798F15E3D}.Release|Any CPU.ActiveCfg = Release|Any CPU
		{3B3C5A41-040B-492C-A0C3-D42798F15E3D}.Release|Any CPU.Build.0 = Release|Any CPU
		{3B3C5A41-040B-492C-A0C3-D42798F15E3D}.Release|Any CPU.Deploy.0 = Release|Any CPU
		{1DB51B0A-03EF-4F04-BD09-B2E2B0F6C1A0}.Debug|Any CPU.ActiveCfg = Debug|Any CPU
		{1DB51B0A-03EF-4F04-BD09-B2E2B0F6C1A0}.Debug|Any CPU.Build.0 = Debug|Any CPU
		{1DB51B0A-03EF-4F04-BD09-B2E2B0F6C1A0}.Release|Any CPU.ActiveCfg = Release|Any CPU
		{1DB51B0A-03EF-4F04-BD09-B2E2B0F6C1A0}.Release|Any CPU.Build.0 = Release|Any CPU
	EndGlobalSection
	GlobalSection(SolutionProperties) = preSolution
		HideSolutionNode = FALSE
	EndGlobalSection
	GlobalSection(ExtensibilityGlobals) = postSolution
		SolutionGuid = {68E4CFB1-B271-4A8E-8B66-3ED16041C988}
	EndGlobalSection
EndGlobal
